version = 1
requires-python = ">=3.11"
resolution-markers = [
    "python_full_version < '3.12'",
    "python_full_version >= '3.12'",
]

[[package]]
name = "nibabel"
version = "5.2.1"
source = { registry = "https://pypi.org/simple" }
dependencies = [
    { name = "numpy" },
    { name = "packaging" },
]
sdist = { url = "https://files.pythonhosted.org/packages/9d/d2/da723207ba389c9d6b6d55f21dbbba8d24c08f846c42832a69d8fdbb97da/nibabel-5.2.1.tar.gz", hash = "sha256:b6c80b2e728e4bc2b65f1142d9b8d2287a9102a8bf8477e115ef0d8334559975", size = 4503320 }
wheels = [
    { url = "https://files.pythonhosted.org/packages/77/3f/ce43b8c2ccc4a7913a87c4d425aaf0080ea3abf947587e47dc2025981a17/nibabel-5.2.1-py3-none-any.whl", hash = "sha256:2cbbc22985f7f9d39d050df47249771dfb8d48447f5e7a993177e4cabfe047f0", size = 3296610 },
]

[[package]]
name = "numpy"
version = "2.1.1"
source = { registry = "https://pypi.org/simple" }
sdist = { url = "https://files.pythonhosted.org/packages/59/5f/9003bb3e632f2b58f5e3a3378902dcc73c5518070736c6740fe52454e8e1/numpy-2.1.1.tar.gz", hash = "sha256:d0cf7d55b1051387807405b3898efafa862997b4cba8aa5dbe657be794afeafd", size = 18874860 }
wheels = [
    { url = "https://files.pythonhosted.org/packages/f7/86/2c01070424a42b286ea0271203682c3d3e81e10ce695545b35768307b383/numpy-2.1.1-cp311-cp311-macosx_10_9_x86_64.whl", hash = "sha256:0d07841fd284718feffe7dd17a63a2e6c78679b2d386d3e82f44f0108c905550", size = 21154850 },
    { url = "https://files.pythonhosted.org/packages/ef/4e/d3426d9e620a18bbb979f28e4dc7f9a2c35eb7cf726ffcb33545ebdd3e6a/numpy-2.1.1-cp311-cp311-macosx_11_0_arm64.whl", hash = "sha256:b5613cfeb1adfe791e8e681128f5f49f22f3fcaa942255a6124d58ca59d9528f", size = 13789477 },
    { url = "https://files.pythonhosted.org/packages/c6/6e/fb6b1b2da9f4c757f55b202f10b6af0fe4fee87ace6e830228a12ab8ae5d/numpy-2.1.1-cp311-cp311-macosx_14_0_arm64.whl", hash = "sha256:0b8cc2715a84b7c3b161f9ebbd942740aaed913584cae9cdc7f8ad5ad41943d0", size = 5351769 },
    { url = "https://files.pythonhosted.org/packages/58/9a/07c8a9dc7254f3265ae014e33768d1cfd8eb73ee6cf215f4ec3b497e4255/numpy-2.1.1-cp311-cp311-macosx_14_0_x86_64.whl", hash = "sha256:b49742cdb85f1f81e4dc1b39dcf328244f4d8d1ded95dea725b316bd2cf18c95", size = 6890872 },
    { url = "https://files.pythonhosted.org/packages/08/4e/3b50fa3b1e045793056ed5a1fc6f89dd897ff9cb00900ca6377fe552d442/numpy-2.1.1-cp311-cp311-manylinux_2_17_aarch64.manylinux2014_aarch64.whl", hash = "sha256:e8d5f8a8e3bc87334f025194c6193e408903d21ebaeb10952264943a985066ca", size = 13984256 },
    { url = "https://files.pythonhosted.org/packages/d9/37/108d692f7e2544b9ae972c7bfa06c26717871c273ccec86470bc3132b04d/numpy-2.1.1-cp311-cp311-manylinux_2_17_x86_64.manylinux2014_x86_64.whl", hash = "sha256:d51fc141ddbe3f919e91a096ec739f49d686df8af254b2053ba21a910ae518bf", size = 16337778 },
    { url = "https://files.pythonhosted.org/packages/95/2d/df81a1be3be6d3a92fd12dfd6c26a0dc026b276136ec1056562342a484a2/numpy-2.1.1-cp311-cp311-musllinux_1_1_x86_64.whl", hash = "sha256:98ce7fb5b8063cfdd86596b9c762bf2b5e35a2cdd7e967494ab78a1fa7f8b86e", size = 16710448 },
    { url = "https://files.pythonhosted.org/packages/8f/34/4b2e604c5c44bd64b6c85e89d88871b41e60233b3ddf97419b37ae5b0c72/numpy-2.1.1-cp311-cp311-musllinux_1_2_aarch64.whl", hash = "sha256:24c2ad697bd8593887b019817ddd9974a7f429c14a5469d7fad413f28340a6d2", size = 14489002 },
    { url = "https://files.pythonhosted.org/packages/9f/0d/67c04b6bfefd0abbe7f60f7e4f11e3aca15d688faec1d1df089966105a9a/numpy-2.1.1-cp311-cp311-win32.whl", hash = "sha256:397bc5ce62d3fb73f304bec332171535c187e0643e176a6e9421a6e3eacef06d", size = 6533215 },
    { url = "https://files.pythonhosted.org/packages/94/7a/4c00332a3ca79702bbc86228afd0e84e6f91b47222ec8cdf00677dd16481/numpy-2.1.1-cp311-cp311-win_amd64.whl", hash = "sha256:ae8ce252404cdd4de56dcfce8b11eac3c594a9c16c231d081fb705cf23bd4d9e", size = 12870550 },
    { url = "https://files.pythonhosted.org/packages/36/11/c573ef66c004f991989c2c6218229d9003164525549409aec5ec9afc0285/numpy-2.1.1-cp312-cp312-macosx_10_9_x86_64.whl", hash = "sha256:7c803b7934a7f59563db459292e6aa078bb38b7ab1446ca38dd138646a38203e", size = 20884403 },
    { url = "https://files.pythonhosted.org/packages/6b/6c/a9fbef5fd2f9685212af2a9e47485cde9357c3e303e079ccf85127516f2d/numpy-2.1.1-cp312-cp312-macosx_11_0_arm64.whl", hash = "sha256:6435c48250c12f001920f0751fe50c0348f5f240852cfddc5e2f97e007544cbe", size = 13493375 },
    { url = "https://files.pythonhosted.org/packages/34/f2/1316a6b08ad4c161d793abe81ff7181e9ae2e357a5b06352a383b9f8e800/numpy-2.1.1-cp312-cp312-macosx_14_0_arm64.whl", hash = "sha256:3269c9eb8745e8d975980b3a7411a98976824e1fdef11f0aacf76147f662b15f", size = 5088823 },
    { url = "https://files.pythonhosted.org/packages/be/15/fabf78a6d4a10c250e87daf1cd901af05e71501380532ac508879cc46a7e/numpy-2.1.1-cp312-cp312-macosx_14_0_x86_64.whl", hash = "sha256:fac6e277a41163d27dfab5f4ec1f7a83fac94e170665a4a50191b545721c6521", size = 6619825 },
    { url = "https://files.pythonhosted.org/packages/9f/8a/76ddef3e621541ddd6984bc24d256a4e3422d036790cbbe449e6cad439ee/numpy-2.1.1-cp312-cp312-manylinux_2_17_aarch64.manylinux2014_aarch64.whl", hash = "sha256:fcd8f556cdc8cfe35e70efb92463082b7f43dd7e547eb071ffc36abc0ca4699b", size = 13696705 },
    { url = "https://files.pythonhosted.org/packages/cb/22/2b840d297183916a95847c11f82ae11e248fa98113490b2357f774651e1d/numpy-2.1.1-cp312-cp312-manylinux_2_17_x86_64.manylinux2014_x86_64.whl", hash = "sha256:d2b9cd92c8f8e7b313b80e93cedc12c0112088541dcedd9197b5dee3738c1201", size = 16041649 },
    { url = "https://files.pythonhosted.org/packages/c7/e8/6f4825d8f576cfd5e4d6515b9eec22bd618868bdafc8a8c08b446dcb65f0/numpy-2.1.1-cp312-cp312-musllinux_1_1_x86_64.whl", hash = "sha256:afd9c680df4de71cd58582b51e88a61feed4abcc7530bcd3d48483f20fc76f2a", size = 16409358 },
    { url = "https://files.pythonhosted.org/packages/bf/f8/5edf1105b0dc24fd66fc3e9e7f3bca3d920cde571caaa4375ec1566073c3/numpy-2.1.1-cp312-cp312-musllinux_1_2_aarch64.whl", hash = "sha256:8661c94e3aad18e1ea17a11f60f843a4933ccaf1a25a7c6a9182af70610b2313", size = 14172488 },
    { url = "https://files.pythonhosted.org/packages/f4/c2/dddca3e69a024d2f249a5b68698328163cbdafb7e65fbf6d36373bbabf12/numpy-2.1.1-cp312-cp312-win32.whl", hash = "sha256:950802d17a33c07cba7fd7c3dcfa7d64705509206be1606f196d179e539111ed", size = 6237195 },
    { url = "https://files.pythonhosted.org/packages/b7/98/5640a09daa3abf0caeaefa6e7bf0d10c0aa28a77c84e507d6a716e0e23df/numpy-2.1.1-cp312-cp312-win_amd64.whl", hash = "sha256:3fc5eabfc720db95d68e6646e88f8b399bfedd235994016351b1d9e062c4b270", size = 12568082 },
    { url = "https://files.pythonhosted.org/packages/6b/9e/8bc6f133bc6d359ccc9ec051853aded45504d217685191f31f46d36b7065/numpy-2.1.1-cp313-cp313-macosx_10_13_x86_64.whl", hash = "sha256:046356b19d7ad1890c751b99acad5e82dc4a02232013bd9a9a712fddf8eb60f5", size = 20834810 },
    { url = "https://files.pythonhosted.org/packages/32/1b/429519a2fa28681814c511574017d35f3aab7136d554cc65f4c1526dfbf5/numpy-2.1.1-cp313-cp313-macosx_11_0_arm64.whl", hash = "sha256:6e5a9cb2be39350ae6c8f79410744e80154df658d5bea06e06e0ac5bb75480d5", size = 13507739 },
    { url = "https://files.pythonhosted.org/packages/25/18/c732d7dd9896d11e4afcd487ac65e62f9fa0495563b7614eb850765361fa/numpy-2.1.1-cp313-cp313-macosx_14_0_arm64.whl", hash = "sha256:d4c57b68c8ef5e1ebf47238e99bf27657511ec3f071c465f6b1bccbef12d4136", size = 5074465 },
    { url = "https://files.pythonhosted.org/packages/3e/37/838b7ae9262c370ab25312bab365492016f11810ffc03ebebbd54670b669/numpy-2.1.1-cp313-cp313-macosx_14_0_x86_64.whl", hash = "sha256:8ae0fd135e0b157365ac7cc31fff27f07a5572bdfc38f9c2d43b2aff416cc8b0", size = 6606418 },
    { url = "https://files.pythonhosted.org/packages/8b/b9/7ff3bfb71e316a5b43a124c4b7a5881ab12f3c32636014bef1f757f19dbd/numpy-2.1.1-cp313-cp313-manylinux_2_17_aarch64.manylinux2014_aarch64.whl", hash = "sha256:981707f6b31b59c0c24bcda52e5605f9701cb46da4b86c2e8023656ad3e833cb", size = 13692464 },
    { url = "https://files.pythonhosted.org/packages/42/78/75bcf16e6737cd196ff7ecf0e1fd3f953293a34dff4fd93fb488e8308536/numpy-2.1.1-cp313-cp313-manylinux_2_17_x86_64.manylinux2014_x86_64.whl", hash = "sha256:2ca4b53e1e0b279142113b8c5eb7d7a877e967c306edc34f3b58e9be12fda8df", size = 16037763 },
    { url = "https://files.pythonhosted.org/packages/23/99/36bf5ffe034d06df307bc783e25cf164775863166dcd878879559fe0379f/numpy-2.1.1-cp313-cp313-musllinux_1_1_x86_64.whl", hash = "sha256:e097507396c0be4e547ff15b13dc3866f45f3680f789c1a1301b07dadd3fbc78", size = 16410374 },
    { url = "https://files.pythonhosted.org/packages/7f/16/04c5dab564887d4cd31a9ed30e51467fa70d52a4425f5a9bd1eed5b3d34c/numpy-2.1.1-cp313-cp313-musllinux_1_2_aarch64.whl", hash = "sha256:f7506387e191fe8cdb267f912469a3cccc538ab108471291636a96a54e599556", size = 14169873 },
    { url = "https://files.pythonhosted.org/packages/09/e0/d1b5adbf1731886c4186c59a9fa208585df9452a43a2b60e79af7c649717/numpy-2.1.1-cp313-cp313-win32.whl", hash = "sha256:251105b7c42abe40e3a689881e1793370cc9724ad50d64b30b358bbb3a97553b", size = 6234118 },
    { url = "https://files.pythonhosted.org/packages/d0/9c/2391ee6e9ebe77232ddcab29d92662b545e99d78c3eb3b4e26d59b9ca1ca/numpy-2.1.1-cp313-cp313-win_amd64.whl", hash = "sha256:f212d4f46b67ff604d11fff7cc62d36b3e8714edf68e44e9760e19be38c03eb0", size = 12561742 },
    { url = "https://files.pythonhosted.org/packages/38/0e/c4f754f9e73f9bb520e8bf418c646f2c4f70c5d5f2bc561e90f884593193/numpy-2.1.1-cp313-cp313t-macosx_10_13_x86_64.whl", hash = "sha256:920b0911bb2e4414c50e55bd658baeb78281a47feeb064ab40c2b66ecba85553", size = 20858403 },
    { url = "https://files.pythonhosted.org/packages/32/fc/d69092b9171efa0cb8079577e71ce0cac0e08f917d33f6e99c916ed51d44/numpy-2.1.1-cp313-cp313t-macosx_11_0_arm64.whl", hash = "sha256:bab7c09454460a487e631ffc0c42057e3d8f2a9ddccd1e60c7bb8ed774992480", size = 13519851 },
    { url = "https://files.pythonhosted.org/packages/14/2a/d7cf2cd9f15b23f623075546ea64a2c367cab703338ca22aaaecf7e704df/numpy-2.1.1-cp313-cp313t-macosx_14_0_arm64.whl", hash = "sha256:cea427d1350f3fd0d2818ce7350095c1a2ee33e30961d2f0fef48576ddbbe90f", size = 5115444 },
    { url = "https://files.pythonhosted.org/packages/8e/00/e87b2cb4afcecca3b678deefb8fa53005d7054f3b5c39596e5554e5d98f8/numpy-2.1.1-cp313-cp313t-macosx_14_0_x86_64.whl", hash = "sha256:e30356d530528a42eeba51420ae8bf6c6c09559051887196599d96ee5f536468", size = 6628903 },
    { url = "https://files.pythonhosted.org/packages/ab/9d/337ae8721b3beec48c3413d71f2d44b2defbf3c6f7a85184fc18b7b61f4a/numpy-2.1.1-cp313-cp313t-manylinux_2_17_aarch64.manylinux2014_aarch64.whl", hash = "sha256:e8dfa9e94fc127c40979c3eacbae1e61fda4fe71d84869cc129e2721973231ef", size = 13665945 },
    { url = "https://files.pythonhosted.org/packages/c0/90/ee8668e84c5d5cc080ef3beb622c016adf19ca3aa51afe9dbdcc6a9baf59/numpy-2.1.1-cp313-cp313t-manylinux_2_17_x86_64.manylinux2014_x86_64.whl", hash = "sha256:910b47a6d0635ec1bd53b88f86120a52bf56dcc27b51f18c7b4a2e2224c29f0f", size = 16023473 },
    { url = "https://files.pythonhosted.org/packages/38/a0/57c24b2131879183051dc698fbb53fd43b77c3fa85b6e6311014f2bc2973/numpy-2.1.1-cp313-cp313t-musllinux_1_1_x86_64.whl", hash = "sha256:13cc11c00000848702322af4de0147ced365c81d66053a67c2e962a485b3717c", size = 16400624 },
    { url = "https://files.pythonhosted.org/packages/bb/4c/14a41eb5c9548c6cee6af0936eabfd985c69230ffa2f2598321431a9aa0a/numpy-2.1.1-cp313-cp313t-musllinux_1_2_aarch64.whl", hash = "sha256:53e27293b3a2b661c03f79aa51c3987492bd4641ef933e366e0f9f6c9bf257ec", size = 14155072 },
]

[[package]]
name = "packaging"
version = "24.1"
source = { registry = "https://pypi.org/simple" }
sdist = { url = "https://files.pythonhosted.org/packages/51/65/50db4dda066951078f0a96cf12f4b9ada6e4b811516bf0262c0f4f7064d4/packaging-24.1.tar.gz", hash = "sha256:026ed72c8ed3fcce5bf8950572258698927fd1dbda10a5e981cdf0ac37f4f002", size = 148788 }
wheels = [
    { url = "https://files.pythonhosted.org/packages/08/aa/cc0199a5f0ad350994d660967a8efb233fe0416e4639146c089643407ce6/packaging-24.1-py3-none-any.whl", hash = "sha256:5b8f2217dbdbd2f7f384c41c628544e6d52f2d0f53c6d0c3ea61aa5d1d7ff124", size = 53985 },
]

[[package]]
name = "polars"
version = "1.7.1"
source = { registry = "https://pypi.org/simple" }
sdist = { url = "https://files.pythonhosted.org/packages/3e/d3/54a4f13c3423db2d09b7b8a29cdee0509b2470cccbd210c7f506deee402c/polars-1.7.1.tar.gz", hash = "sha256:3323bf6b3f1cf55212ddd35f044af8a1aa02033bca17d06f3852325e0da93a80", size = 3971988 }
wheels = [
    { url = "https://files.pythonhosted.org/packages/ae/53/7daa3dd2fd6d8728c3363b342fbf1f804a5612ecf33aef74fb63dea5e276/polars-1.7.1-cp38-abi3-macosx_10_12_x86_64.whl", hash = "sha256:589c1b5a9b5167f3c49713212cbeccc39e3a0e12577e21331c50dbf7178e32ed", size = 30844815 },
    { url = "https://files.pythonhosted.org/packages/8a/2e/f34c0acdbfcd4c9a3cf21c1bf8ecacb68dae7147d0854b131feea027726d/polars-1.7.1-cp38-abi3-macosx_11_0_arm64.whl", hash = "sha256:c955cca9d109ed5d79f4498915ec80590aa2e4619bc40bafbbeb5a160fcb166e", size = 27184877 },
    { url = "https://files.pythonhosted.org/packages/d5/f4/8cd6d454fcf6e1f5f0a17265a3acca19731f79c65c7432bafbb24492bf73/polars-1.7.1-cp38-abi3-manylinux_2_17_x86_64.manylinux2014_x86_64.whl", hash = "sha256:5cd675e4a306b2da57a1b688e65382aaa9e992dd7156b485fbd7f39892a3d784", size = 32202182 },
    { url = "https://files.pythonhosted.org/packages/a4/db/de0bcbb437e5246d6ae79c634b5b58167a978cef6cbfa66858174b8577a6/polars-1.7.1-cp38-abi3-manylinux_2_24_aarch64.whl", hash = "sha256:45c255749b49bee244d10baeb69057580a0a397125b014bc8854b73ba5bdf45e", size = 28867666 },
    { url = "https://files.pythonhosted.org/packages/69/12/6b4b87ff17e2129952604f24d5d052c6ab2c7089547174939e0cb8824fbc/polars-1.7.1-cp38-abi3-win_amd64.whl", hash = "sha256:a9004a907fc8e923dda27879f7e6eea8e06a753e160d08e606c8b9b5f914f911", size = 32095724 },
]

[[package]]
name = "pymrimisc"
version = "0.1.0"
source = { editable = "." }
dependencies = [
    { name = "nibabel" },
    { name = "numpy" },
    { name = "polars" },
    { name = "scipy" },
]

[package.metadata]
requires-dist = [
    { name = "nibabel", specifier = ">=5.2.1" },
    { name = "numpy", specifier = ">=2.1.1" },
    { name = "polars", specifier = ">=1.7.1" },
    { name = "scipy", specifier = ">=1.14.1" },
]

[[package]]
name = "scipy"
version = "1.14.1"
source = { registry = "https://pypi.org/simple" }
dependencies = [
    { name = "numpy" },
]
sdist = { url = "https://files.pythonhosted.org/packages/62/11/4d44a1f274e002784e4dbdb81e0ea96d2de2d1045b2132d5af62cc31fd28/scipy-1.14.1.tar.gz", hash = "sha256:5a275584e726026a5699459aa72f828a610821006228e841b94275c4a7c08417", size = 58620554 }
wheels = [
    { url = "https://files.pythonhosted.org/packages/b2/ab/070ccfabe870d9f105b04aee1e2860520460ef7ca0213172abfe871463b9/scipy-1.14.1-cp311-cp311-macosx_10_13_x86_64.whl", hash = "sha256:2da0469a4ef0ecd3693761acbdc20f2fdeafb69e6819cc081308cc978153c675", size = 39076999 },
    { url = "https://files.pythonhosted.org/packages/a7/c5/02ac82f9bb8f70818099df7e86c3ad28dae64e1347b421d8e3adf26acab6/scipy-1.14.1-cp311-cp311-macosx_12_0_arm64.whl", hash = "sha256:c0ee987efa6737242745f347835da2cc5bb9f1b42996a4d97d5c7ff7928cb6f2", size = 29894570 },
    { url = "https://files.pythonhosted.org/packages/ed/05/7f03e680cc5249c4f96c9e4e845acde08eb1aee5bc216eff8a089baa4ddb/scipy-1.14.1-cp311-cp311-macosx_14_0_arm64.whl", hash = "sha256:3a1b111fac6baec1c1d92f27e76511c9e7218f1695d61b59e05e0fe04dc59617", size = 23103567 },
    { url = "https://files.pythonhosted.org/packages/5e/fc/9f1413bef53171f379d786aabc104d4abeea48ee84c553a3e3d8c9f96a9c/scipy-1.14.1-cp311-cp311-macosx_14_0_x86_64.whl", hash = "sha256:8475230e55549ab3f207bff11ebfc91c805dc3463ef62eda3ccf593254524ce8", size = 25499102 },
    { url = "https://files.pythonhosted.org/packages/c2/4b/b44bee3c2ddc316b0159b3d87a3d467ef8d7edfd525e6f7364a62cd87d90/scipy-1.14.1-cp311-cp311-manylinux_2_17_aarch64.manylinux2014_aarch64.whl", hash = "sha256:278266012eb69f4a720827bdd2dc54b2271c97d84255b2faaa8f161a158c3b37", size = 35586346 },
    { url = "https://files.pythonhosted.org/packages/93/6b/701776d4bd6bdd9b629c387b5140f006185bd8ddea16788a44434376b98f/scipy-1.14.1-cp311-cp311-manylinux_2_17_x86_64.manylinux2014_x86_64.whl", hash = "sha256:fef8c87f8abfb884dac04e97824b61299880c43f4ce675dd2cbeadd3c9b466d2", size = 41165244 },
    { url = "https://files.pythonhosted.org/packages/06/57/e6aa6f55729a8f245d8a6984f2855696c5992113a5dc789065020f8be753/scipy-1.14.1-cp311-cp311-musllinux_1_2_x86_64.whl", hash = "sha256:b05d43735bb2f07d689f56f7b474788a13ed8adc484a85aa65c0fd931cf9ccd2", size = 42817917 },
    { url = "https://files.pythonhosted.org/packages/ea/c2/5ecadc5fcccefaece775feadcd795060adf5c3b29a883bff0e678cfe89af/scipy-1.14.1-cp311-cp311-win_amd64.whl", hash = "sha256:716e389b694c4bb564b4fc0c51bc84d381735e0d39d3f26ec1af2556ec6aad94", size = 44781033 },
    { url = "https://files.pythonhosted.org/packages/c0/04/2bdacc8ac6387b15db6faa40295f8bd25eccf33f1f13e68a72dc3c60a99e/scipy-1.14.1-cp312-cp312-macosx_10_13_x86_64.whl", hash = "sha256:631f07b3734d34aced009aaf6fedfd0eb3498a97e581c3b1e5f14a04164a456d", size = 39128781 },
    { url = "https://files.pythonhosted.org/packages/c8/53/35b4d41f5fd42f5781dbd0dd6c05d35ba8aa75c84ecddc7d44756cd8da2e/scipy-1.14.1-cp312-cp312-macosx_12_0_arm64.whl", hash = "sha256:af29a935803cc707ab2ed7791c44288a682f9c8107bc00f0eccc4f92c08d6e07", size = 29939542 },
    { url = "https://files.pythonhosted.org/packages/66/67/6ef192e0e4d77b20cc33a01e743b00bc9e68fb83b88e06e636d2619a8767/scipy-1.14.1-cp312-cp312-macosx_14_0_arm64.whl", hash = "sha256:2843f2d527d9eebec9a43e6b406fb7266f3af25a751aa91d62ff416f54170bc5", size = 23148375 },
    { url = "https://files.pythonhosted.org/packages/f6/32/3a6dedd51d68eb7b8e7dc7947d5d841bcb699f1bf4463639554986f4d782/scipy-1.14.1-cp312-cp312-macosx_14_0_x86_64.whl", hash = "sha256:eb58ca0abd96911932f688528977858681a59d61a7ce908ffd355957f7025cfc", size = 25578573 },
    { url = "https://files.pythonhosted.org/packages/f0/5a/efa92a58dc3a2898705f1dc9dbaf390ca7d4fba26d6ab8cfffb0c72f656f/scipy-1.14.1-cp312-cp312-manylinux_2_17_aarch64.manylinux2014_aarch64.whl", hash = "sha256:30ac8812c1d2aab7131a79ba62933a2a76f582d5dbbc695192453dae67ad6310", size = 35319299 },
    { url = "https://files.pythonhosted.org/packages/8e/ee/8a26858ca517e9c64f84b4c7734b89bda8e63bec85c3d2f432d225bb1886/scipy-1.14.1-cp312-cp312-manylinux_2_17_x86_64.manylinux2014_x86_64.whl", hash = "sha256:8f9ea80f2e65bdaa0b7627fb00cbeb2daf163caa015e59b7516395fe3bd1e066", size = 40849331 },
    { url = "https://files.pythonhosted.org/packages/a5/cd/06f72bc9187840f1c99e1a8750aad4216fc7dfdd7df46e6280add14b4822/scipy-1.14.1-cp312-cp312-musllinux_1_2_x86_64.whl", hash = "sha256:edaf02b82cd7639db00dbff629995ef185c8df4c3ffa71a5562a595765a06ce1", size = 42544049 },
    { url = "https://files.pythonhosted.org/packages/aa/7d/43ab67228ef98c6b5dd42ab386eae2d7877036970a0d7e3dd3eb47a0d530/scipy-1.14.1-cp312-cp312-win_amd64.whl", hash = "sha256:2ff38e22128e6c03ff73b6bb0f85f897d2362f8c052e3b8ad00532198fbdae3f", size = 44521212 },
    { url = "https://files.pythonhosted.org/packages/50/ef/ac98346db016ff18a6ad7626a35808f37074d25796fd0234c2bb0ed1e054/scipy-1.14.1-cp313-cp313-macosx_10_13_x86_64.whl", hash = "sha256:1729560c906963fc8389f6aac023739ff3983e727b1a4d87696b7bf108316a79", size = 39091068 },
    { url = "https://files.pythonhosted.org/packages/b9/cc/70948fe9f393b911b4251e96b55bbdeaa8cca41f37c26fd1df0232933b9e/scipy-1.14.1-cp313-cp313-macosx_12_0_arm64.whl", hash = "sha256:4079b90df244709e675cdc8b93bfd8a395d59af40b72e339c2287c91860deb8e", size = 29875417 },
    { url = "https://files.pythonhosted.org/packages/3b/2e/35f549b7d231c1c9f9639f9ef49b815d816bf54dd050da5da1c11517a218/scipy-1.14.1-cp313-cp313-macosx_14_0_arm64.whl", hash = "sha256:e0cf28db0f24a38b2a0ca33a85a54852586e43cf6fd876365c86e0657cfe7d73", size = 23084508 },
    { url = "https://files.pythonhosted.org/packages/3f/d6/b028e3f3e59fae61fb8c0f450db732c43dd1d836223a589a8be9f6377203/scipy-1.14.1-cp313-cp313-macosx_14_0_x86_64.whl", hash = "sha256:0c2f95de3b04e26f5f3ad5bb05e74ba7f68b837133a4492414b3afd79dfe540e", size = 25503364 },
    { url = "https://files.pythonhosted.org/packages/a7/2f/6c142b352ac15967744d62b165537a965e95d557085db4beab2a11f7943b/scipy-1.14.1-cp313-cp313-manylinux_2_17_aarch64.manylinux2014_aarch64.whl", hash = "sha256:b99722ea48b7ea25e8e015e8341ae74624f72e5f21fc2abd45f3a93266de4c5d", size = 35292639 },
    { url = "https://files.pythonhosted.org/packages/56/46/2449e6e51e0d7c3575f289f6acb7f828938eaab8874dbccfeb0cd2b71a27/scipy-1.14.1-cp313-cp313-manylinux_2_17_x86_64.manylinux2014_x86_64.whl", hash = "sha256:5149e3fd2d686e42144a093b206aef01932a0059c2a33ddfa67f5f035bdfe13e", size = 40798288 },
    { url = "https://files.pythonhosted.org/packages/32/cd/9d86f7ed7f4497c9fd3e39f8918dd93d9f647ba80d7e34e4946c0c2d1a7c/scipy-1.14.1-cp313-cp313-musllinux_1_2_x86_64.whl", hash = "sha256:e4f5a7c49323533f9103d4dacf4e4f07078f360743dec7f7596949149efeec06", size = 42524647 },
    { url = "https://files.pythonhosted.org/packages/f5/1b/6ee032251bf4cdb0cc50059374e86a9f076308c1512b61c4e003e241efb7/scipy-1.14.1-cp313-cp313-win_amd64.whl", hash = "sha256:baff393942b550823bfce952bb62270ee17504d02a1801d7fd0719534dfb9c84", size = 44469524 },
]
